
Microsoft Visual Studio Solution File, Format Version 12.00
# Visual Studio Version 17
VisualStudioVersion = 17.12.35506.116
MinimumVisualStudioVersion = 10.0.40219.1
Project("{FAE04EC0-301F-11D3-BF4B-00C04F79EFBC}") = "TogetherCodeFirst", "TogerherCodeFirst\TogetherCodeFirst.csproj", "{C5885E3F-9E7C-4254-8CDE-65F71EC42BCB}"
EndProject
Project("{FAE04EC0-301F-11D3-BF4B-00C04F79EFBC}") = "01_CodeFirstBasicPractice", "01_CodeFirstBasicPractice\01_CodeFirstBasicPractice.csproj", "{F0F62E1D-12CF-47F8-BB2B-FF0B02CF2B8D}"
EndProject
Project("{FAE04EC0-301F-11D3-BF4B-00C04F79EFBC}") = "02_CodeFirstRelationPractiice", "02_CodeFirstRelationPractiice\02_CodeFirstRelationPractiice.csproj", "{41E0EDE7-E653-41D3-AF69-6CC381C36A82}"
EndProject
Project("{FAE04EC0-301F-11D3-BF4B-00C04F79EFBC}") = "03_SurvivorWebApiPractice", "03_SurvivorWebApiPractice\03_SurvivorWebApiPractice.csproj", "{497520E2-3FB1-4C49-9D15-6C87E425DDD8}"
EndProject
Global
	GlobalSection(SolutionConfigurationPlatforms) = preSolution
		Debug|Any CPU = Debug|Any CPU
		Release|Any CPU = Release|Any CPU
	EndGlobalSection
	GlobalSection(ProjectConfigurationPlatforms) = postSolution
		{C5885E3F-9E7C-4254-8CDE-65F71EC42BCB}.Debug|Any CPU.ActiveCfg = Debug|Any CPU
		{C5885E3F-9E7C-4254-8CDE-65F71EC42BCB}.Debug|Any CPU.Build.0 = Debug|Any CPU
		{C5885E3F-9E7C-4254-8CDE-65F71EC42BCB}.Release|Any CPU.ActiveCfg = Release|Any CPU
		{C5885E3F-9E7C-4254-8CDE-65F71EC42BCB}.Release|Any CPU.Build.0 = Release|Any CPU
		{F0F62E1D-12CF-47F8-BB2B-FF0B02CF2B8D}.Debug|Any CPU.ActiveCfg = Debug|Any CPU
		{F0F62E1D-12CF-47F8-BB2B-FF0B02CF2B8D}.Debug|Any CPU.Build.0 = Debug|Any CPU
		{F0F62E1D-12CF-47F8-BB2B-FF0B02CF2B8D}.Release|Any CPU.ActiveCfg = Release|Any CPU
		{F0F62E1D-12CF-47F8-BB2B-FF0B02CF2B8D}.Release|Any CPU.Build.0 = Release|Any CPU
		{41E0EDE7-E653-41D3-AF69-6CC381C36A82}.Debug|Any CPU.ActiveCfg = Debug|Any CPU
		{41E0EDE7-E653-41D3-AF69-6CC381C36A82}.Debug|Any CPU.Build.0 = Debug|Any CPU
		{41E0EDE7-E653-41D3-AF69-6CC381C36A82}.Release|Any CPU.ActiveCfg = Release|Any CPU
		{41E0EDE7-E653-41D3-AF69-6CC381C36A82}.Release|Any CPU.Build.0 = Release|Any CPU
		{497520E2-3FB1-4C49-9D15-6C87E425DDD8}.Debug|Any CPU.ActiveCfg = Debug|Any CPU
		{497520E2-3FB1-4C49-9D15-6C87E425DDD8}.Debug|Any CPU.Build.0 = Debug|Any CPU
		{497520E2-3FB1-4C49-9D15-6C87E425DDD8}.Release|Any CPU.ActiveCfg = Release|Any CPU
		{497520E2-3FB1-4C49-9D15-6C87E425DDD8}.Release|Any CPU.Build.0 = Release|Any CPU
	EndGlobalSection
	GlobalSection(SolutionProperties) = preSolution
		HideSolutionNode = FALSE
	EndGlobalSection
EndGlobal
